{
  "name": "FullCalenderGuide",
  "lockfileVersion": 2,
  "requires": true,
  "packages": {
    "": {
      "dependencies": {
        "@fullcalendar/core": "^6.1.11",
        "@fullcalendar/daygrid": "^6.1.11",
        "@fullcalendar/interaction": "^6.1.11"
      }
    },
    "node_modules/@fullcalendar/core": {
      "version": "6.1.11",
      "resolved": "https://registry.npmjs.org/@fullcalendar/core/-/core-6.1.11.tgz",
      "integrity": "sha512-TjG7c8sUz+Vkui2FyCNJ+xqyu0nq653Ibe99A66LoW95oBo6tVhhKIaG1Wh0GVKymYiqAQN/OEdYTuj4ay27kA==",
      "dependencies": {
        "preact": "~10.12.1"
      }
    },
    "node_modules/@fullcalendar/daygrid": {
      "version": "6.1.11",
      "resolved": "https://registry.npmjs.org/@fullcalendar/daygrid/-/daygrid-6.1.11.tgz",
      "integrity": "sha512-hF5jJB7cgUIxWD5MVjj8IU407HISyLu7BWXcEIuTytkfr8oolOXeCazqnnjmRbnFOncoJQVstTtq6SIhaT32Xg==",
      "peerDependencies": {
        "@fullcalendar/core": "~6.1.11"
      }
    },
    "node_modules/@fullcalendar/interaction": {
      "version": "6.1.11",
      "resolved": "https://registry.npmjs.org/@fullcalendar/interaction/-/interaction-6.1.11.tgz",
      "integrity": "sha512-ynOKjzuPwEAMgTQ6R/Z2zvzIIqG4p8/Qmnhi1q0vzPZZxSIYx3rlZuvpEK2WGBZZ1XEafDOP/LGfbWoNZe+qdg==",
      "peerDependencies": {
        "@fullcalendar/core": "~6.1.11"
      }
    },
    "node_modules/preact": {
      "version": "10.12.1",
      "resolved": "https://registry.npmjs.org/preact/-/preact-10.12.1.tgz",
      "integrity": "sha512-l8386ixSsBdbreOAkqtrwqHwdvR35ID8c3rKPa8lCWuO86dBi32QWHV4vfsZK1utLLFMvw+Z5Ad4XLkZzchscg==",
      "funding": {
        "type": "opencollective",
        "url": "https://opencollective.com/preact"
      }
    }
  },
  "dependencies": {
    "@fullcalendar/core": {
      "version": "6.1.11",
      "resolved": "https://registry.npmjs.org/@fullcalendar/core/-/core-6.1.11.tgz",
      "integrity": "sha512-TjG7c8sUz+Vkui2FyCNJ+xqyu0nq653Ibe99A66LoW95oBo6tVhhKIaG1Wh0GVKymYiqAQN/OEdYTuj4ay27kA==",
      "requires": {
        "preact": "~10.12.1"
      }
    },
    "@fullcalendar/daygrid": {
      "version": "6.1.11",
      "resolved": "https://registry.npmjs.org/@fullcalendar/daygrid/-/daygrid-6.1.11.tgz",
      "integrity": "sha512-hF5jJB7cgUIxWD5MVjj8IU407HISyLu7BWXcEIuTytkfr8oolOXeCazqnnjmRbnFOncoJQVstTtq6SIhaT32Xg==",
      "requires": {}
    },
    "@fullcalendar/interaction": {
      "version": "6.1.11",
      "resolved": "https://registry.npmjs.org/@fullcalendar/interaction/-/interaction-6.1.11.tgz",
      "integrity": "sha512-ynOKjzuPwEAMgTQ6R/Z2zvzIIqG4p8/Qmnhi1q0vzPZZxSIYx3rlZuvpEK2WGBZZ1XEafDOP/LGfbWoNZe+qdg==",
      "requires": {}
    },
    "preact": {
      "version": "10.12.1",
      "resolved": "https://registry.npmjs.org/preact/-/preact-10.12.1.tgz",
      "integrity": "sha512-l8386ixSsBdbreOAkqtrwqHwdvR35ID8c3rKPa8lCWuO86dBi32QWHV4vfsZK1utLLFMvw+Z5Ad4XLkZzchscg=="
    }
  }
}
