lockfileVersion: 5.4

packageExtensionsChecksum: 1d7f960aea8dbde72525dcbb9d8fdb80

patchedDependencies:
  '@pnpm/make-dedicated-lockfile@0.3.20':
    hash: wmayqlhdi75ypybmoccyf7574e
    path: scripts/patches/@pnpm__make-dedicated-lockfile@0.3.20.patch
  concurrently@7.3.0:
    hash: smfavujzgdrpqijuqstgeioyeu
    path: scripts/patches/concurrently@7.3.0.patch

importers:

  bundle:
    specifiers:
      '@fullcalendar/core': workspace:*
      '@fullcalendar/daygrid': workspace:*
      '@fullcalendar/interaction': workspace:*
      '@fullcalendar/list': workspace:*
      '@fullcalendar/timegrid': workspace:*
      '@fullcalendar/workspace-scripts': workspace:*
      tslib: ^2.1.0
    dependencies:
      tslib: 2.4.0

  packages/bootstrap:
    specifiers:
      '@fullcalendar/core': workspace:*
      '@fullcalendar/workspace-scripts': workspace:*
      tslib: ^2.1.0
    dependencies:
      tslib: 2.4.0

  packages/bootstrap5:
    specifiers:
      '@fullcalendar/core': workspace:*
      '@fullcalendar/workspace-scripts': workspace:*
      tslib: ^2.1.0
    dependencies:
      tslib: 2.4.0

  packages/core:
    specifiers:
      '@fullcalendar/workspace-scripts': workspace:*
      globby: ^13.1.2
      handlebars: ^4.1.2
      preact: ^10.0.5
      tslib: ^2.1.0
    dependencies:
      preact: 10.10.6
      tslib: 2.4.0
    devDependencies:
      globby: 13.1.2
      handlebars: 4.7.7

  packages/daygrid:
    specifiers:
      '@fullcalendar/core': workspace:*
      '@fullcalendar/workspace-scripts': workspace:*
      tslib: ^2.1.0
    dependencies:
      tslib: 2.4.0

  packages/google-calendar:
    specifiers:
      '@fullcalendar/core': workspace:*
      '@fullcalendar/workspace-scripts': workspace:*
      tslib: ^2.1.0
    dependencies:
      tslib: 2.4.0

  packages/icalendar:
    specifiers:
      '@fullcalendar/core': workspace:*
      '@fullcalendar/workspace-scripts': workspace:*
      ical.js: ^1.4.0
      tslib: ^2.1.0
    dependencies:
      ical.js: 1.5.0
      tslib: 2.4.0

  packages/interaction:
    specifiers:
      '@fullcalendar/core': workspace:*
      '@fullcalendar/workspace-scripts': workspace:*
      tslib: ^2.1.0
    dependencies:
      tslib: 2.4.0

  packages/list:
    specifiers:
      '@fullcalendar/core': workspace:*
      '@fullcalendar/workspace-scripts': workspace:*
      tslib: ^2.1.0
    dependencies:
      tslib: 2.4.0

  packages/luxon:
    specifiers:
      '@fullcalendar/core': workspace:*
      '@fullcalendar/workspace-scripts': workspace:*
      luxon: ^1.12.1
      tslib: ^2.1.0
    dependencies:
      tslib: 2.4.0
    devDependencies:
      luxon: 1.28.0

  packages/luxon2:
    specifiers:
      '@fullcalendar/core': workspace:*
      '@fullcalendar/workspace-scripts': workspace:*
      '@types/luxon': ^2.0.9
      luxon: ^2.0.0
      tslib: ^2.1.0
    dependencies:
      tslib: 2.4.0
    devDependencies:
      '@types/luxon': 2.4.0
      luxon: 2.5.0

  packages/moment:
    specifiers:
      '@fullcalendar/core': workspace:*
      '@fullcalendar/workspace-scripts': workspace:*
      moment: ^2.29.1
      tslib: ^2.1.0
    dependencies:
      tslib: 2.4.0
    devDependencies:
      moment: 2.29.4

  packages/moment-timezone:
    specifiers:
      '@fullcalendar/core': workspace:*
      '@fullcalendar/workspace-scripts': workspace:*
      moment: ^2.29.1
      moment-timezone: ^0.5.31
      tslib: ^2.1.0
    dependencies:
      tslib: 2.4.0
    devDependencies:
      moment: 2.29.4
      moment-timezone: 0.5.37

  packages/rrule:
    specifiers:
      '@fullcalendar/core': workspace:*
      '@fullcalendar/workspace-scripts': workspace:*
      rrule: ^2.6.0
      tslib: ^2.1.0
    dependencies:
      tslib: 2.4.0
    devDependencies:
      rrule: 2.7.1

  packages/timegrid:
    specifiers:
      '@fullcalendar/core': workspace:*
      '@fullcalendar/daygrid': workspace:*
      '@fullcalendar/workspace-scripts': workspace:*
      tslib: ^2.1.0
    dependencies:
      tslib: 2.4.0

  packages/web-component:
    specifiers:
      '@fullcalendar/core': workspace:*
      '@fullcalendar/workspace-scripts': workspace:*
      tslib: ^2.1.0
    dependencies:
      tslib: 2.4.0

  tests:
    specifiers:
      '@fullcalendar/bootstrap': workspace:*
      '@fullcalendar/core': workspace:*
      '@fullcalendar/daygrid': workspace:*
      '@fullcalendar/google-calendar': workspace:*
      '@fullcalendar/icalendar': workspace:*
      '@fullcalendar/interaction': workspace:*
      '@fullcalendar/list': workspace:*
      '@fullcalendar/luxon2': workspace:*
      '@fullcalendar/moment': workspace:*
      '@fullcalendar/moment-timezone': workspace:*
      '@fullcalendar/rrule': workspace:*
      '@fullcalendar/timegrid': workspace:*
      '@fullcalendar/workspace-scripts': workspace:*
      '@types/jasmine': ^3.3.12
      '@types/jasmine-jquery': ^1.5.33
      '@types/jquery': ^3.3.29
      handlebars: ^4.7.7
      luxon: ^2.0.0
      moment: ^2.29.1
      moment-timezone: ^0.5.31
      tslib: ^2.1.0
      xhr-mock: ^2.5.1
    dependencies:
      luxon: 2.5.0
      moment: 2.29.4
      moment-timezone: 0.5.37
      tslib: 2.4.0
      xhr-mock: 2.5.1
    devDependencies:
      '@types/jasmine': 3.10.6
      '@types/jasmine-jquery': 1.5.34
      '@types/jquery': 3.5.14
      handlebars: 4.7.7

packages:

  /@nodelib/fs.scandir/2.1.5:
    resolution: {integrity: sha512-vq24Bq3ym5HEQm2NKCr3yXDwjc7vTsEThRDnkp2DK9p1uqLR+DHurm/NOTo0KG7HYHU7eppKZj3MyqYuMBf62g==}
    engines: {node: '>= 8'}
    dependencies:
      '@nodelib/fs.stat': 2.0.5
      run-parallel: 1.2.0
    dev: true

  /@nodelib/fs.stat/2.0.5:
    resolution: {integrity: sha512-RkhPPp2zrqDAQA/2jNhnztcPAlv64XdhIp7a7454A5ovI7Bukxgt7MX7udwAu3zg1DcpPU0rz3VV1SeaqvY4+A==}
    engines: {node: '>= 8'}
    dev: true

  /@nodelib/fs.walk/1.2.8:
    resolution: {integrity: sha512-oGB+UxlgWcgQkgwo8GcEGwemoTFt3FIO9ababBmaGwXIoBKZ+GTy0pP185beGg7Llih/NSHSV2XAs1lnznocSg==}
    engines: {node: '>= 8'}
    dependencies:
      '@nodelib/fs.scandir': 2.1.5
      fastq: 1.13.0
    dev: true

  /@types/jasmine-jquery/1.5.34:
    resolution: {integrity: sha512-PQpKqgzQa3nAtJb/zlBpWjagMtQK7xiAy6DsOhSla5lDAeBCvqyHfzBeTJ7YPDto0fernTSycPif8msdWH3Nlg==}
    dependencies:
      '@types/jasmine': 3.10.6
      '@types/jquery': 3.5.14
    dev: true

  /@types/jasmine/3.10.6:
    resolution: {integrity: sha512-twY9adK/vz72oWxCWxzXaxoDtF9TpfEEsxvbc1ibjF3gMD/RThSuSud/GKUTR3aJnfbivAbC/vLqhY+gdWCHfA==}
    dev: true

  /@types/jquery/3.5.14:
    resolution: {integrity: sha512-X1gtMRMbziVQkErhTQmSe2jFwwENA/Zr+PprCkF63vFq+Yt5PZ4AlKqgmeNlwgn7dhsXEK888eIW2520EpC+xg==}
    dependencies:
      '@types/sizzle': 2.3.3
    dev: true

  /@types/luxon/2.4.0:
    resolution: {integrity: sha512-oCavjEjRXuR6URJEtQm0eBdfsBiEcGBZbq21of8iGkeKxU1+1xgKuFPClaBZl2KB8ZZBSWlgk61tH6Mf+nvZVw==}
    dev: true

  /@types/sizzle/2.3.3:
    resolution: {integrity: sha512-JYM8x9EGF163bEyhdJBpR2QX1R5naCJHC8ucJylJ3w9/CVBaskdQ8WqBf8MmQrd1kRvp/a4TS8HJ+bxzR7ZJYQ==}
    dev: true

  /braces/3.0.2:
    resolution: {integrity: sha512-b8um+L1RzM3WDSzvhm6gIz1yfTbBt6YTlcEKAvsmqCZZFw46z626lVj9j1yEPW33H5H+lBQpZMP1k8l+78Ha0A==}
    engines: {node: '>=8'}
    dependencies:
      fill-range: 7.0.1
    dev: true

  /dir-glob/3.0.1:
    resolution: {integrity: sha512-WkrWp9GR4KXfKGYzOLmTuGVi1UWFfws377n9cc55/tb6DuqyF6pcQ5AbiHEshaDpY9v6oaSr2XCDidGmMwdzIA==}
    engines: {node: '>=8'}
    dependencies:
      path-type: 4.0.0
    dev: true

  /dom-walk/0.1.2:
    resolution: {integrity: sha512-6QvTW9mrGeIegrFXdtQi9pk7O/nSK6lSdXW2eqUspN5LWD7UTji2Fqw5V2YLjBpHEoU9Xl/eUWNpDeZvoyOv2w==}
    dev: false

  /fast-glob/3.2.11:
    resolution: {integrity: sha512-xrO3+1bxSo3ZVHAnqzyuewYT6aMFHRAd4Kcs92MAonjwQZLsK9d0SF1IyQ3k5PoirxTW0Oe/RqFgMQ6TcNE5Ew==}
    engines: {node: '>=8.6.0'}
    dependencies:
      '@nodelib/fs.stat': 2.0.5
      '@nodelib/fs.walk': 1.2.8
      glob-parent: 5.1.2
      merge2: 1.4.1
      micromatch: 4.0.5
    dev: true

  /fastq/1.13.0:
    resolution: {integrity: sha512-YpkpUnK8od0o1hmeSc7UUs/eB/vIPWJYjKck2QKIzAf71Vm1AAQ3EbuZB3g2JIy+pg+ERD0vqI79KyZiB2e2Nw==}
    dependencies:
      reusify: 1.0.4
    dev: true

  /fill-range/7.0.1:
    resolution: {integrity: sha512-qOo9F+dMUmC2Lcb4BbVvnKJxTPjCm+RRpe4gDuGrzkL7mEVl/djYSu2OdQ2Pa302N4oqkSg9ir6jaLWJ2USVpQ==}
    engines: {node: '>=8'}
    dependencies:
      to-regex-range: 5.0.1
    dev: true

  /glob-parent/5.1.2:
    resolution: {integrity: sha512-AOIgSQCepiJYwP3ARnGx+5VnTu2HBYdzbGP45eLw1vr3zB3vZLeyed1sC9hnbcOc9/SrMyM5RPQrkGz4aS9Zow==}
    engines: {node: '>= 6'}
    dependencies:
      is-glob: 4.0.3
    dev: true

  /global/4.4.0:
    resolution: {integrity: sha512-wv/LAoHdRE3BeTGz53FAamhGlPLhlssK45usmGFThIi4XqnBmjKQ16u+RNbP7WvigRZDxUsM0J3gcQ5yicaL0w==}
    dependencies:
      min-document: 2.19.0
      process: 0.11.10
    dev: false

  /globby/13.1.2:
    resolution: {integrity: sha512-LKSDZXToac40u8Q1PQtZihbNdTYSNMuWe+K5l+oa6KgDzSvVrHXlJy40hUP522RjAIoNLJYBJi7ow+rbFpIhHQ==}
    engines: {node: ^12.20.0 || ^14.13.1 || >=16.0.0}
    dependencies:
      dir-glob: 3.0.1
      fast-glob: 3.2.11
      ignore: 5.2.0
      merge2: 1.4.1
      slash: 4.0.0
    dev: true

  /handlebars/4.7.7:
    resolution: {integrity: sha512-aAcXm5OAfE/8IXkcZvCepKU3VzW1/39Fb5ZuqMtgI/hT8X2YgoMvBY5dLhq/cpOvw7Lk1nK/UF71aLG/ZnVYRA==}
    engines: {node: '>=0.4.7'}
    hasBin: true
    dependencies:
      minimist: 1.2.6
      neo-async: 2.6.2
      source-map: 0.6.1
      wordwrap: 1.0.0
    optionalDependencies:
      uglify-js: 3.17.0
    dev: true

  /ical.js/1.5.0:
    resolution: {integrity: sha512-7ZxMkogUkkaCx810yp0ZGKvq1ZpRgJeornPttpoxe6nYZ3NLesZe1wWMXDdwTkj/b5NtXT+Y16Aakph/ao98ZQ==}
    dev: false

  /ignore/5.2.0:
    resolution: {integrity: sha512-CmxgYGiEPCLhfLnpPp1MoRmifwEIOgjcHXxOBjv7mY96c+eWScsOP9c112ZyLdWHi0FxHjI+4uVhKYp/gcdRmQ==}
    engines: {node: '>= 4'}
    dev: true

  /is-extglob/2.1.1:
    resolution: {integrity: sha512-SbKbANkN603Vi4jEZv49LeVJMn4yGwsbzZworEoyEiutsN3nJYdbO36zfhGJ6QEDpOZIFkDtnq5JRxmvl3jsoQ==}
    engines: {node: '>=0.10.0'}
    dev: true

  /is-glob/4.0.3:
    resolution: {integrity: sha512-xelSayHH36ZgE7ZWhli7pW34hNbNl8Ojv5KVmkJD4hBdD3th8Tfk9vYasLM+mXWOZhFkgZfxhLSnrwRr4elSSg==}
    engines: {node: '>=0.10.0'}
    dependencies:
      is-extglob: 2.1.1
    dev: true

  /is-number/7.0.0:
    resolution: {integrity: sha512-41Cifkg6e8TylSpdtTpeLVMqvSBEVzTttHvERD741+pnZ8ANv0004MRL43QKPDlK9cGvNp6NZWZUBlbGXYxxng==}
    engines: {node: '>=0.12.0'}
    dev: true

  /luxon/1.28.0:
    resolution: {integrity: sha512-TfTiyvZhwBYM/7QdAVDh+7dBTBA29v4ik0Ce9zda3Mnf8on1S5KJI8P2jKFZ8+5C0jhmr0KwJEO/Wdpm0VeWJQ==}
    dev: true

  /luxon/2.5.0:
    resolution: {integrity: sha512-IDkEPB80Rb6gCAU+FEib0t4FeJ4uVOuX1CQ9GsvU3O+JAGIgu0J7sf1OarXKaKDygTZIoJyU6YdZzTFRu+YR0A==}
    engines: {node: '>=12'}

  /merge2/1.4.1:
    resolution: {integrity: sha512-8q7VEgMJW4J8tcfVPy8g09NcQwZdbwFEqhe/WZkoIzjn/3TGDwtOCYtXGxA3O8tPzpczCCDgv+P2P5y00ZJOOg==}
    engines: {node: '>= 8'}
    dev: true

  /micromatch/4.0.5:
    resolution: {integrity: sha512-DMy+ERcEW2q8Z2Po+WNXuw3c5YaUSFjAO5GsJqfEl7UjvtIuFKO6ZrKvcItdy98dwFI2N1tg3zNIdKaQT+aNdA==}
    engines: {node: '>=8.6'}
    dependencies:
      braces: 3.0.2
      picomatch: 2.3.1
    dev: true

  /min-document/2.19.0:
    resolution: {integrity: sha512-9Wy1B3m3f66bPPmU5hdA4DR4PB2OfDU/+GS3yAB7IQozE3tqXaVv2zOjgla7MEGSRv95+ILmOuvhLkOK6wJtCQ==}
    dependencies:
      dom-walk: 0.1.2
    dev: false

  /minimist/1.2.6:
    resolution: {integrity: sha512-Jsjnk4bw3YJqYzbdyBiNsPWHPfO++UGG749Cxs6peCu5Xg4nrena6OVxOYxrQTqww0Jmwt+Ref8rggumkTLz9Q==}
    dev: true

  /moment-timezone/0.5.37:
    resolution: {integrity: sha512-uEDzDNFhfaywRl+vwXxffjjq1q0Vzr+fcQpQ1bU0kbzorfS7zVtZnCnGc8mhWmF39d4g4YriF6kwA75mJKE/Zg==}
    dependencies:
      moment: 2.29.4

  /moment/2.29.4:
    resolution: {integrity: sha512-5LC9SOxjSc2HF6vO2CyuTDNivEdoz2IvyJJGj6X8DJ0eFyfszE0QiEd+iXmBvUP3WHxSjFH/vIsA0EN00cgr8w==}

  /neo-async/2.6.2:
    resolution: {integrity: sha512-Yd3UES5mWCSqR+qNT93S3UoYUkqAZ9lLg8a7g9rimsWmYGK8cVToA4/sF3RrshdyV3sAGMXVUmpMYOw+dLpOuw==}
    dev: true

  /path-type/4.0.0:
    resolution: {integrity: sha512-gDKb8aZMDeD/tZWs9P6+q0J9Mwkdl6xMV8TjnGP3qJVJ06bdMgkbBlLU8IdfOsIsFz2BW1rNVT3XuNEl8zPAvw==}
    engines: {node: '>=8'}
    dev: true

  /picomatch/2.3.1:
    resolution: {integrity: sha512-JU3teHTNjmE2VCGFzuY8EXzCDVwEqB2a8fsIvwaStHhAWJEeVd1o1QD80CU6+ZdEXXSLbSsuLwJjkCBWqRQUVA==}
    engines: {node: '>=8.6'}
    dev: true

  /preact/10.10.6:
    resolution: {integrity: sha512-w0mCL5vICUAZrh1DuHEdOWBjxdO62lvcO++jbzr8UhhYcTbFkpegLH9XX+7MadjTl/y0feoqwQ/zAnzkc/EGog==}
    dev: false

  /process/0.11.10:
    resolution: {integrity: sha512-cdGef/drWFoydD1JsMzuFf8100nZl+GT+yacc2bEced5f9Rjk4z+WtFUTBu9PhOi9j/jfmBPu0mMEY4wIdAF8A==}
    engines: {node: '>= 0.6.0'}
    dev: false

  /punycode/1.3.2:
    resolution: {integrity: sha512-RofWgt/7fL5wP1Y7fxE7/EmTLzQVnB0ycyibJ0OOHIlJqTNzglYFxVwETOcIoJqJmpDXJ9xImDv+Fq34F/d4Dw==}
    dev: false

  /querystring/0.2.0:
    resolution: {integrity: sha512-X/xY82scca2tau62i9mDyU9K+I+djTMUsvwf7xnUX5GLvVzgJybOJf4Y6o9Zx3oJK/LSXg5tTZBjwzqVPaPO2g==}
    engines: {node: '>=0.4.x'}
    deprecated: The querystring API is considered Legacy. new code should use the URLSearchParams API instead.
    dev: false

  /queue-microtask/1.2.3:
    resolution: {integrity: sha512-NuaNSa6flKT5JaSYQzJok04JzTL1CA6aGhv5rfLW3PgqA+M2ChpZQnAC8h8i4ZFkBS8X5RqkDBHA7r4hej3K9A==}
    dev: true

  /reusify/1.0.4:
    resolution: {integrity: sha512-U9nH88a3fc/ekCF1l0/UP1IosiuIjyTh7hBvXVMHYgVcfGvt897Xguj2UOLDeI5BG2m7/uwyaLVT6fbtCwTyzw==}
    engines: {iojs: '>=1.0.0', node: '>=0.10.0'}
    dev: true

  /rrule/2.7.1:
    resolution: {integrity: sha512-4p20u/1U7WqR3Nb1hOUrm0u1nSI7sO93ZUVZEZ5HeF6Gr5OlJuyhwEGRvUHq8ZfrPsq5gfa5b9dqnUs/kPqpIw==}
    dependencies:
      tslib: 2.4.0
    dev: true

  /run-parallel/1.2.0:
    resolution: {integrity: sha512-5l4VyZR86LZ/lDxZTR6jqL8AFE2S0IFLMP26AbjsLVADxHdhB/c0GUsH+y39UfCi3dzz8OlQuPmnaJOMoDHQBA==}
    dependencies:
      queue-microtask: 1.2.3
    dev: true

  /slash/4.0.0:
    resolution: {integrity: sha512-3dOsAHXXUkQTpOYcoAxLIorMTp4gIQr5IW3iVb7A7lFIp0VHhnynm9izx6TssdrIcVIESAlVjtnO2K8bg+Coew==}
    engines: {node: '>=12'}
    dev: true

  /source-map/0.6.1:
    resolution: {integrity: sha512-UjgapumWlbMhkBgzT7Ykc5YXUT46F0iKu8SGXq0bcwP5dz/h0Plj6enJqjz1Zbq2l5WaqYnrVbwWOWMyF3F47g==}
    engines: {node: '>=0.10.0'}
    dev: true

  /to-regex-range/5.0.1:
    resolution: {integrity: sha512-65P7iz6X5yEr1cwcgvQxbbIw7Uk3gOy5dIdtZ4rDveLqhrdJP+Li/Hx6tyK0NEb+2GCyneCMJiGqrADCSNk8sQ==}
    engines: {node: '>=8.0'}
    dependencies:
      is-number: 7.0.0
    dev: true

  /tslib/2.4.0:
    resolution: {integrity: sha512-d6xOpEDfsi2CZVlPQzGeux8XMwLT9hssAsaPYExaQMuYskwb+x1x7J371tWlbBdWHroy99KnVB6qIkUbs5X3UQ==}

  /uglify-js/3.17.0:
    resolution: {integrity: sha512-aTeNPVmgIMPpm1cxXr2Q/nEbvkmV8yq66F3om7X3P/cvOXQ0TMQ64Wk63iyT1gPlmdmGzjGpyLh1f3y8MZWXGg==}
    engines: {node: '>=0.8.0'}
    hasBin: true
    requiresBuild: true
    dev: true
    optional: true

  /url/0.11.0:
    resolution: {integrity: sha512-kbailJa29QrtXnxgq+DdCEGlbTeYM2eJUxsz6vjZavrCYPMIFHMKQmSKYAIuUK2i7hgPm28a8piX5NTUtM/LKQ==}
    dependencies:
      punycode: 1.3.2
      querystring: 0.2.0
    dev: false

  /wordwrap/1.0.0:
    resolution: {integrity: sha512-gvVzJFlPycKc5dZN4yPkP8w7Dc37BtP1yczEneOb4uq34pXZcvrtRTmWV8W+Ume+XCxKgbjM+nevkyFPMybd4Q==}
    dev: true

  /xhr-mock/2.5.1:
    resolution: {integrity: sha512-UKOjItqjFgPUwQGPmRAzNBn8eTfIhcGjBVGvKYAWxUQPQsXNGD6KEckGTiHwyaAUp9C9igQlnN1Mp79KWCg7CQ==}
    dependencies:
      global: 4.4.0
      url: 0.11.0
    dev: false
